
Microsoft Visual Studio Solution File, Format Version 12.00
# Visual Studio Version 16
VisualStudioVersion = 16.0.29306.81
MinimumVisualStudioVersion = 10.0.40219.1
Project("{FAE04EC0-301F-11D3-BF4B-00C04F79EFBC}") = "ConsoleUI", "ConsoleUI\ConsoleUI.csproj", "{591A54E4-E3BF-463C-9AB2-5A1E19E0676E}"
EndProject
Project("{FAE04EC0-301F-11D3-BF4B-00C04F79EFBC}") = "ReadFile", "ReadFile\ReadFile.csproj", "{129696E4-90E6-491D-A692-EA5BFDA00E9B}"
EndProject
Global
	GlobalSection(SolutionConfigurationPlatforms) = preSolution
		Debug|Any CPU = Debug|Any CPU
		Release|Any CPU = Release|Any CPU
	EndGlobalSection
	GlobalSection(ProjectConfigurationPlatforms) = postSolution
		{591A54E4-E3BF-463C-9AB2-5A1E19E0676E}.Debug|Any CPU.ActiveCfg = Debug|Any CPU
		{591A54E4-E3BF-463C-9AB2-5A1E19E0676E}.Debug|Any CPU.Build.0 = Debug|Any CPU
		{591A54E4-E3BF-463C-9AB2-5A1E19E0676E}.Release|Any CPU.ActiveCfg = Release|Any CPU
		{591A54E4-E3BF-463C-9AB2-5A1E19E0676E}.Release|Any CPU.Build.0 = Release|Any CPU
		{129696E4-90E6-491D-A692-EA5BFDA00E9B}.Debug|Any CPU.ActiveCfg = Debug|Any CPU
		{129696E4-90E6-491D-A692-EA5BFDA00E9B}.Debug|Any CPU.Build.0 = Debug|Any CPU
		{129696E4-90E6-491D-A692-EA5BFDA00E9B}.Release|Any CPU.ActiveCfg = Release|Any CPU
		{129696E4-90E6-491D-A692-EA5BFDA00E9B}.Release|Any CPU.Build.0 = Release|Any CPU
	EndGlobalSection
	GlobalSection(SolutionProperties) = preSolution
		HideSolutionNode = FALSE
	EndGlobalSection
	GlobalSection(ExtensibilityGlobals) = postSolution
		SolutionGuid = {E41BE265-C3DF-4740-963B-1D6C0368911D}
	EndGlobalSection
EndGlobal
